
Microsoft Visual Studio Solution File, Format Version 12.00
# Visual Studio Version 17
VisualStudioVersion = 17.4.33213.308
MinimumVisualStudioVersion = 10.0.40219.1
Project("{9A19103F-16F7-4668-BE54-9A1E7A4F7556}") = "CarSharingDomain", "CarSharingDomain\CarSharingDomain.csproj", "{87525FE2-2042-4F27-8EF8-68855F7B11B5}"
EndProject
Project("{9A19103F-16F7-4668-BE54-9A1E7A4F7556}") = "CarSharingTests", "CarSharingTests\CarSharingTests.csproj", "{DD12469F-CC3C-43EF-B638-EE2F3544026A}"
	ProjectSection(ProjectDependencies) = postProject
		{87525FE2-2042-4F27-8EF8-68855F7B11B5} = {87525FE2-2042-4F27-8EF8-68855F7B11B5}
	EndProjectSection
EndProject
Project("{9A19103F-16F7-4668-BE54-9A1E7A4F7556}") = "CarSharingServer", "CarSharingServer\CarSharingServer.csproj", "{14C7EABA-E52F-456B-B133-06E7C79552B5}"
	ProjectSection(ProjectDependencies) = postProject
		{87525FE2-2042-4F27-8EF8-68855F7B11B5} = {87525FE2-2042-4F27-8EF8-68855F7B11B5}
	EndProjectSection
EndProject
Project("{FAE04EC0-301F-11D3-BF4B-00C04F79EFBC}") = "CarSharingClient", "CarSharingClient\CarSharingClient.csproj", "{B874E5A0-20E5-45BF-8ED3-B650F27C895E}"
EndProject
Global
	GlobalSection(SolutionConfigurationPlatforms) = preSolution
		Debug|Any CPU = Debug|Any CPU
		Release|Any CPU = Release|Any CPU
	EndGlobalSection
	GlobalSection(ProjectConfigurationPlatforms) = postSolution
		{87525FE2-2042-4F27-8EF8-68855F7B11B5}.Debug|Any CPU.ActiveCfg = Debug|Any CPU
		{87525FE2-2042-4F27-8EF8-68855F7B11B5}.Debug|Any CPU.Build.0 = Debug|Any CPU
		{87525FE2-2042-4F27-8EF8-68855F7B11B5}.Release|Any CPU.ActiveCfg = Release|Any CPU
		{87525FE2-2042-4F27-8EF8-68855F7B11B5}.Release|Any CPU.Build.0 = Release|Any CPU
		{DD12469F-CC3C-43EF-B638-EE2F3544026A}.Debug|Any CPU.ActiveCfg = Debug|Any CPU
		{DD12469F-CC3C-43EF-B638-EE2F3544026A}.Debug|Any CPU.Build.0 = Debug|Any CPU
		{DD12469F-CC3C-43EF-B638-EE2F3544026A}.Release|Any CPU.ActiveCfg = Release|Any CPU
		{DD12469F-CC3C-43EF-B638-EE2F3544026A}.Release|Any CPU.Build.0 = Release|Any CPU
		{14C7EABA-E52F-456B-B133-06E7C79552B5}.Debug|Any CPU.ActiveCfg = Debug|Any CPU
		{14C7EABA-E52F-456B-B133-06E7C79552B5}.Debug|Any CPU.Build.0 = Debug|Any CPU
		{14C7EABA-E52F-456B-B133-06E7C79552B5}.Release|Any CPU.ActiveCfg = Release|Any CPU
		{14C7EABA-E52F-456B-B133-06E7C79552B5}.Release|Any CPU.Build.0 = Release|Any CPU
		{B874E5A0-20E5-45BF-8ED3-B650F27C895E}.Debug|Any CPU.ActiveCfg = Debug|Any CPU
		{B874E5A0-20E5-45BF-8ED3-B650F27C895E}.Debug|Any CPU.Build.0 = Debug|Any CPU
		{B874E5A0-20E5-45BF-8ED3-B650F27C895E}.Release|Any CPU.ActiveCfg = Release|Any CPU
		{B874E5A0-20E5-45BF-8ED3-B650F27C895E}.Release|Any CPU.Build.0 = Release|Any CPU
	EndGlobalSection
	GlobalSection(SolutionProperties) = preSolution
		HideSolutionNode = FALSE
	EndGlobalSection
	GlobalSection(ExtensibilityGlobals) = postSolution
		SolutionGuid = {1D6152FB-3827-4748-A3A1-E61AFBC9F1FB}
	EndGlobalSection
EndGlobal
