
Microsoft Visual Studio Solution File, Format Version 12.00
# Visual Studio Version 17
VisualStudioVersion = 17.4.33403.182
MinimumVisualStudioVersion = 10.0.40219.1
Project("{9A19103F-16F7-4668-BE54-9A1E7A4F7556}") = "Warehouse.Domain", "Warehouse.Domain\Warehouse.Domain.csproj", "{5F581CAE-E3EB-41C0-830C-70112C892995}"
EndProject
Project("{9A19103F-16F7-4668-BE54-9A1E7A4F7556}") = "Warehouse.Tests", "Warehouse.Tests\Warehouse.Tests.csproj", "{7633598C-6365-468E-9698-DC939830A8BC}"
EndProject
Project("{9A19103F-16F7-4668-BE54-9A1E7A4F7556}") = "Warehouse.Server", "Warehouse.Server\Warehouse.Server.csproj", "{FD3401D4-3172-4047-AEA0-31EAAC180FB3}"
EndProject
Global
	GlobalSection(SolutionConfigurationPlatforms) = preSolution
		Debug|Any CPU = Debug|Any CPU
		Release|Any CPU = Release|Any CPU
	EndGlobalSection
	GlobalSection(ProjectConfigurationPlatforms) = postSolution
		{5F581CAE-E3EB-41C0-830C-70112C892995}.Debug|Any CPU.ActiveCfg = Debug|Any CPU
		{5F581CAE-E3EB-41C0-830C-70112C892995}.Debug|Any CPU.Build.0 = Debug|Any CPU
		{5F581CAE-E3EB-41C0-830C-70112C892995}.Release|Any CPU.ActiveCfg = Release|Any CPU
		{5F581CAE-E3EB-41C0-830C-70112C892995}.Release|Any CPU.Build.0 = Release|Any CPU
		{7633598C-6365-468E-9698-DC939830A8BC}.Debug|Any CPU.ActiveCfg = Debug|Any CPU
		{7633598C-6365-468E-9698-DC939830A8BC}.Debug|Any CPU.Build.0 = Debug|Any CPU
		{7633598C-6365-468E-9698-DC939830A8BC}.Release|Any CPU.ActiveCfg = Release|Any CPU
		{7633598C-6365-468E-9698-DC939830A8BC}.Release|Any CPU.Build.0 = Release|Any CPU
		{FD3401D4-3172-4047-AEA0-31EAAC180FB3}.Debug|Any CPU.ActiveCfg = Debug|Any CPU
		{FD3401D4-3172-4047-AEA0-31EAAC180FB3}.Debug|Any CPU.Build.0 = Debug|Any CPU
		{FD3401D4-3172-4047-AEA0-31EAAC180FB3}.Release|Any CPU.ActiveCfg = Release|Any CPU
		{FD3401D4-3172-4047-AEA0-31EAAC180FB3}.Release|Any CPU.Build.0 = Release|Any CPU
	EndGlobalSection
	GlobalSection(SolutionProperties) = preSolution
		HideSolutionNode = FALSE
	EndGlobalSection
	GlobalSection(ExtensibilityGlobals) = postSolution
		SolutionGuid = {C0103B69-EF50-4715-9183-EDF9AD2C8F83}
	EndGlobalSection
EndGlobal
