
Microsoft Visual Studio Solution File, Format Version 12.00
# Visual Studio Version 17
VisualStudioVersion = 17.4.33403.182
MinimumVisualStudioVersion = 10.0.40219.1
Project("{FAE04EC0-301F-11D3-BF4B-00C04F79EFBC}") = "BikeRental.classes", "BikeRental.classes\BikeRental.classes.csproj", "{37E079F6-2093-46D6-9A8F-7448D00EE9F9}"
EndProject
Global
	GlobalSection(SolutionConfigurationPlatforms) = preSolution
		Debug|Any CPU = Debug|Any CPU
		Release|Any CPU = Release|Any CPU
	EndGlobalSection
	GlobalSection(ProjectConfigurationPlatforms) = postSolution
		{37E079F6-2093-46D6-9A8F-7448D00EE9F9}.Debug|Any CPU.ActiveCfg = Debug|Any CPU
		{37E079F6-2093-46D6-9A8F-7448D00EE9F9}.Debug|Any CPU.Build.0 = Debug|Any CPU
		{37E079F6-2093-46D6-9A8F-7448D00EE9F9}.Release|Any CPU.ActiveCfg = Release|Any CPU
		{37E079F6-2093-46D6-9A8F-7448D00EE9F9}.Release|Any CPU.Build.0 = Release|Any CPU
	EndGlobalSection
	GlobalSection(SolutionProperties) = preSolution
		HideSolutionNode = FALSE
	EndGlobalSection
	GlobalSection(ExtensibilityGlobals) = postSolution
		SolutionGuid = {5BB7FCA4-8E91-4D2B-92A1-C08D517EB2BB}
	EndGlobalSection
EndGlobal
