
Microsoft Visual Studio Solution File, Format Version 12.00
# Visual Studio Version 17
VisualStudioVersion = 17.4.33403.182
MinimumVisualStudioVersion = 10.0.40219.1
Project("{9A19103F-16F7-4668-BE54-9A1E7A4F7556}") = "BikeRental.Domain", "BikeRental.classes\BikeRental.Domain.csproj", "{37E079F6-2093-46D6-9A8F-7448D00EE9F9}"
EndProject
Project("{9A19103F-16F7-4668-BE54-9A1E7A4F7556}") = "UnitTest1", "UnitTest1\UnitTest1.csproj", "{3DF67AAF-4A60-436E-BAD0-CB807DDA1661}"
EndProject
Global
	GlobalSection(SolutionConfigurationPlatforms) = preSolution
		Debug|Any CPU = Debug|Any CPU
		Release|Any CPU = Release|Any CPU
	EndGlobalSection
	GlobalSection(ProjectConfigurationPlatforms) = postSolution
		{37E079F6-2093-46D6-9A8F-7448D00EE9F9}.Debug|Any CPU.ActiveCfg = Debug|Any CPU
		{37E079F6-2093-46D6-9A8F-7448D00EE9F9}.Debug|Any CPU.Build.0 = Debug|Any CPU
		{37E079F6-2093-46D6-9A8F-7448D00EE9F9}.Release|Any CPU.ActiveCfg = Release|Any CPU
		{37E079F6-2093-46D6-9A8F-7448D00EE9F9}.Release|Any CPU.Build.0 = Release|Any CPU
		{3DF67AAF-4A60-436E-BAD0-CB807DDA1661}.Debug|Any CPU.ActiveCfg = Debug|Any CPU
		{3DF67AAF-4A60-436E-BAD0-CB807DDA1661}.Debug|Any CPU.Build.0 = Debug|Any CPU
		{3DF67AAF-4A60-436E-BAD0-CB807DDA1661}.Release|Any CPU.ActiveCfg = Release|Any CPU
		{3DF67AAF-4A60-436E-BAD0-CB807DDA1661}.Release|Any CPU.Build.0 = Release|Any CPU
	EndGlobalSection
	GlobalSection(SolutionProperties) = preSolution
		HideSolutionNode = FALSE
	EndGlobalSection
	GlobalSection(ExtensibilityGlobals) = postSolution
		SolutionGuid = {5BB7FCA4-8E91-4D2B-92A1-C08D517EB2BB}
	EndGlobalSection
EndGlobal
