
Microsoft Visual Studio Solution File, Format Version 12.00
# Visual Studio Version 17
VisualStudioVersion = 17.0.31903.59
MinimumVisualStudioVersion = 10.0.40219.1
Project("{FAE04EC0-301F-11D3-BF4B-00C04F79EFBC}") = "TaxiDepo.Classes", "TaxiDepo\TaxiDepo.Classes\TaxiDepo.Classes.csproj", "{B197EA28-F790-4F4B-AE77-46190504DC82}"
EndProject
Project("{FAE04EC0-301F-11D3-BF4B-00C04F79EFBC}") = "TaxiDepoTests", "TaxiDepo\TaxiDepo.Tests\TaxiDepoTests.csproj", "{18FC1E9B-7F13-4F46-80F3-9795A4EE39DB}"
EndProject
Global
	GlobalSection(SolutionConfigurationPlatforms) = preSolution
		Debug|Any CPU = Debug|Any CPU
		Release|Any CPU = Release|Any CPU
	EndGlobalSection
	GlobalSection(SolutionProperties) = preSolution
		HideSolutionNode = FALSE
	EndGlobalSection
	GlobalSection(ProjectConfigurationPlatforms) = postSolution
		{B197EA28-F790-4F4B-AE77-46190504DC82}.Debug|Any CPU.ActiveCfg = Debug|Any CPU
		{B197EA28-F790-4F4B-AE77-46190504DC82}.Debug|Any CPU.Build.0 = Debug|Any CPU
		{B197EA28-F790-4F4B-AE77-46190504DC82}.Release|Any CPU.ActiveCfg = Release|Any CPU
		{B197EA28-F790-4F4B-AE77-46190504DC82}.Release|Any CPU.Build.0 = Release|Any CPU
		{18FC1E9B-7F13-4F46-80F3-9795A4EE39DB}.Debug|Any CPU.ActiveCfg = Debug|Any CPU
		{18FC1E9B-7F13-4F46-80F3-9795A4EE39DB}.Debug|Any CPU.Build.0 = Debug|Any CPU
		{18FC1E9B-7F13-4F46-80F3-9795A4EE39DB}.Release|Any CPU.ActiveCfg = Release|Any CPU
		{18FC1E9B-7F13-4F46-80F3-9795A4EE39DB}.Release|Any CPU.Build.0 = Release|Any CPU
	EndGlobalSection
EndGlobal
