
Microsoft Visual Studio Solution File, Format Version 12.00
# Visual Studio Version 16
VisualStudioVersion = 25.0.1705.4
MinimumVisualStudioVersion = 10.0.40219.1
Project("{FAE04EC0-301F-11D3-BF4B-00C04F79EFBC}") = "TaxiDepo.Model", "TaxiDepo.Model\TaxiDepo.Model.csproj", "{760CE3C8-1447-45F4-816E-92538B2B6B9B}"
EndProject
Project("{FAE04EC0-301F-11D3-BF4B-00C04F79EFBC}") = "TaxiDepo.Model", "TaxiDepo.Model\TaxiDepo.Model.csproj", "{99F61EE8-5CF6-4470-82B7-65E612B1F846}"
EndProject
Global
	GlobalSection(SolutionConfigurationPlatforms) = preSolution
		Debug|Any CPU = Debug|Any CPU
		Release|Any CPU = Release|Any CPU
	EndGlobalSection
	GlobalSection(ProjectConfigurationPlatforms) = postSolution
		{760CE3C8-1447-45F4-816E-92538B2B6B9B}.Debug|Any CPU.ActiveCfg = Debug|Any CPU
		{760CE3C8-1447-45F4-816E-92538B2B6B9B}.Debug|Any CPU.Build.0 = Debug|Any CPU
		{760CE3C8-1447-45F4-816E-92538B2B6B9B}.Release|Any CPU.ActiveCfg = Release|Any CPU
		{760CE3C8-1447-45F4-816E-92538B2B6B9B}.Release|Any CPU.Build.0 = Release|Any CPU
		{99F61EE8-5CF6-4470-82B7-65E612B1F846}.Debug|Any CPU.ActiveCfg = Debug|Any CPU
		{99F61EE8-5CF6-4470-82B7-65E612B1F846}.Debug|Any CPU.Build.0 = Debug|Any CPU
		{99F61EE8-5CF6-4470-82B7-65E612B1F846}.Release|Any CPU.ActiveCfg = Release|Any CPU
		{99F61EE8-5CF6-4470-82B7-65E612B1F846}.Release|Any CPU.Build.0 = Release|Any CPU
	EndGlobalSection
	GlobalSection(SolutionProperties) = preSolution
		HideSolutionNode = FALSE
	EndGlobalSection
	GlobalSection(ExtensibilityGlobals) = postSolution
		SolutionGuid = {D5503927-9D05-4771-BE77-AD03B1E8ABBB}
	EndGlobalSection
EndGlobal
