
Microsoft Visual Studio Solution File, Format Version 12.00
# Visual Studio Version 17
VisualStudioVersion = 17.4.33103.184
MinimumVisualStudioVersion = 10.0.40219.1
Project("{9A19103F-16F7-4668-BE54-9A1E7A4F7556}") = "LibrarySchool.Domain", "LibrarySchool.Domain\LibrarySchool.Domain.csproj", "{EB3AC081-DCCC-4213-8FB5-0C11955B4DBC}"
EndProject
Project("{9A19103F-16F7-4668-BE54-9A1E7A4F7556}") = "LibrarySchool.Domain.Test", "LibrarySchool.Domain.Test\LibrarySchool.Domain.Test.csproj", "{B2F0A83B-01BD-49F2-A30D-1373E04C1B2F}"
EndProject
Project("{9A19103F-16F7-4668-BE54-9A1E7A4F7556}") = "LibrarySchool.Server", "LibrarySchool.Server\LibrarySchool.Server.csproj", "{C44E5C40-9BA1-4335-A109-94F422559395}"
EndProject
Project("{9A19103F-16F7-4668-BE54-9A1E7A4F7556}") = "LibrarySchool.Client", "LibrarySchool.Client\LibrarySchool.Client.csproj", "{2B861546-8C44-4F0D-9503-E08CDA088DE8}"
EndProject
Global
	GlobalSection(SolutionConfigurationPlatforms) = preSolution
		Debug|Any CPU = Debug|Any CPU
		Release|Any CPU = Release|Any CPU
	EndGlobalSection
	GlobalSection(ProjectConfigurationPlatforms) = postSolution
		{EB3AC081-DCCC-4213-8FB5-0C11955B4DBC}.Debug|Any CPU.ActiveCfg = Debug|Any CPU
		{EB3AC081-DCCC-4213-8FB5-0C11955B4DBC}.Debug|Any CPU.Build.0 = Debug|Any CPU
		{EB3AC081-DCCC-4213-8FB5-0C11955B4DBC}.Release|Any CPU.ActiveCfg = Release|Any CPU
		{EB3AC081-DCCC-4213-8FB5-0C11955B4DBC}.Release|Any CPU.Build.0 = Release|Any CPU
		{B2F0A83B-01BD-49F2-A30D-1373E04C1B2F}.Debug|Any CPU.ActiveCfg = Debug|Any CPU
		{B2F0A83B-01BD-49F2-A30D-1373E04C1B2F}.Debug|Any CPU.Build.0 = Debug|Any CPU
		{B2F0A83B-01BD-49F2-A30D-1373E04C1B2F}.Release|Any CPU.ActiveCfg = Release|Any CPU
		{B2F0A83B-01BD-49F2-A30D-1373E04C1B2F}.Release|Any CPU.Build.0 = Release|Any CPU
		{C44E5C40-9BA1-4335-A109-94F422559395}.Debug|Any CPU.ActiveCfg = Debug|Any CPU
		{C44E5C40-9BA1-4335-A109-94F422559395}.Debug|Any CPU.Build.0 = Debug|Any CPU
		{C44E5C40-9BA1-4335-A109-94F422559395}.Release|Any CPU.ActiveCfg = Release|Any CPU
		{C44E5C40-9BA1-4335-A109-94F422559395}.Release|Any CPU.Build.0 = Release|Any CPU
		{2B861546-8C44-4F0D-9503-E08CDA088DE8}.Debug|Any CPU.ActiveCfg = Debug|Any CPU
		{2B861546-8C44-4F0D-9503-E08CDA088DE8}.Debug|Any CPU.Build.0 = Debug|Any CPU
		{2B861546-8C44-4F0D-9503-E08CDA088DE8}.Release|Any CPU.ActiveCfg = Release|Any CPU
		{2B861546-8C44-4F0D-9503-E08CDA088DE8}.Release|Any CPU.Build.0 = Release|Any CPU
	EndGlobalSection
	GlobalSection(SolutionProperties) = preSolution
		HideSolutionNode = FALSE
	EndGlobalSection
	GlobalSection(ExtensibilityGlobals) = postSolution
		SolutionGuid = {EAA3F5B1-4504-4086-B9EE-22DA3563EE04}
	EndGlobalSection
EndGlobal
