
Microsoft Visual Studio Solution File, Format Version 12.00
Project("{FAE04EC0-301F-11D3-BF4B-00C04F79EFBC}") = "RentalService.Domain", "RentalService.Domain\RentalService.Domain.csproj", "{A4AA926B-420F-4463-A88B-E453B8539433}"
EndProject
Project("{FAE04EC0-301F-11D3-BF4B-00C04F79EFBC}") = "RentalService.Tests", "RentalService.Tests\RentalService.Tests.csproj", "{02A2111D-132D-49DB-A808-016BCCF89E34}"
EndProject
Project("{FAE04EC0-301F-11D3-BF4B-00C04F79EFBC}") = "RentalService.Server", "RentalService.Server\RentalService.Server.csproj", "{B6EAA238-D50F-44C9-88F9-DBCDAA49BA7E}"
EndProject
Project("{FAE04EC0-301F-11D3-BF4B-00C04F79EFBC}") = "RentalService.Client", "RentalService.Client\RentalService.Client.csproj", "{0C0D0A5A-C834-4CF8-92B1-FE9F82447BCB}"
EndProject
Global
	GlobalSection(SolutionConfigurationPlatforms) = preSolution
		Debug|Any CPU = Debug|Any CPU
		Release|Any CPU = Release|Any CPU
	EndGlobalSection
	GlobalSection(ProjectConfigurationPlatforms) = postSolution
		{A4AA926B-420F-4463-A88B-E453B8539433}.Debug|Any CPU.ActiveCfg = Debug|Any CPU
		{A4AA926B-420F-4463-A88B-E453B8539433}.Debug|Any CPU.Build.0 = Debug|Any CPU
		{A4AA926B-420F-4463-A88B-E453B8539433}.Release|Any CPU.ActiveCfg = Release|Any CPU
		{A4AA926B-420F-4463-A88B-E453B8539433}.Release|Any CPU.Build.0 = Release|Any CPU
		{02A2111D-132D-49DB-A808-016BCCF89E34}.Debug|Any CPU.ActiveCfg = Debug|Any CPU
		{02A2111D-132D-49DB-A808-016BCCF89E34}.Debug|Any CPU.Build.0 = Debug|Any CPU
		{02A2111D-132D-49DB-A808-016BCCF89E34}.Release|Any CPU.ActiveCfg = Release|Any CPU
		{02A2111D-132D-49DB-A808-016BCCF89E34}.Release|Any CPU.Build.0 = Release|Any CPU
		{B6EAA238-D50F-44C9-88F9-DBCDAA49BA7E}.Debug|Any CPU.ActiveCfg = Debug|Any CPU
		{B6EAA238-D50F-44C9-88F9-DBCDAA49BA7E}.Debug|Any CPU.Build.0 = Debug|Any CPU
		{B6EAA238-D50F-44C9-88F9-DBCDAA49BA7E}.Release|Any CPU.ActiveCfg = Release|Any CPU
		{B6EAA238-D50F-44C9-88F9-DBCDAA49BA7E}.Release|Any CPU.Build.0 = Release|Any CPU
		{0C0D0A5A-C834-4CF8-92B1-FE9F82447BCB}.Debug|Any CPU.ActiveCfg = Debug|Any CPU
		{0C0D0A5A-C834-4CF8-92B1-FE9F82447BCB}.Debug|Any CPU.Build.0 = Debug|Any CPU
		{0C0D0A5A-C834-4CF8-92B1-FE9F82447BCB}.Release|Any CPU.ActiveCfg = Release|Any CPU
		{0C0D0A5A-C834-4CF8-92B1-FE9F82447BCB}.Release|Any CPU.Build.0 = Release|Any CPU
		{E97C3085-3EBA-4F48-B231-744547AF65E6}.Debug|Any CPU.ActiveCfg = Debug|Any CPU
		{E97C3085-3EBA-4F48-B231-744547AF65E6}.Debug|Any CPU.Build.0 = Debug|Any CPU
		{E97C3085-3EBA-4F48-B231-744547AF65E6}.Release|Any CPU.ActiveCfg = Release|Any CPU
		{E97C3085-3EBA-4F48-B231-744547AF65E6}.Release|Any CPU.Build.0 = Release|Any CPU
	EndGlobalSection
EndGlobal
