
Microsoft Visual Studio Solution File, Format Version 12.00
# Visual Studio Version 17
VisualStudioVersion = 17.4.33213.308
MinimumVisualStudioVersion = 10.0.40219.1
Project("{FAE04EC0-301F-11D3-BF4B-00C04F79EFBC}") = "BlowFish", "BlowFish\BlowFish.csproj", "{A49E6A69-3275-4C67-BB33-2C0E55C58559}"
EndProject
Global
	GlobalSection(SolutionConfigurationPlatforms) = preSolution
		Debug|Any CPU = Debug|Any CPU
		Release|Any CPU = Release|Any CPU
	EndGlobalSection
	GlobalSection(ProjectConfigurationPlatforms) = postSolution
		{A49E6A69-3275-4C67-BB33-2C0E55C58559}.Debug|Any CPU.ActiveCfg = Debug|Any CPU
		{A49E6A69-3275-4C67-BB33-2C0E55C58559}.Debug|Any CPU.Build.0 = Debug|Any CPU
		{A49E6A69-3275-4C67-BB33-2C0E55C58559}.Release|Any CPU.ActiveCfg = Release|Any CPU
		{A49E6A69-3275-4C67-BB33-2C0E55C58559}.Release|Any CPU.Build.0 = Release|Any CPU
	EndGlobalSection
	GlobalSection(SolutionProperties) = preSolution
		HideSolutionNode = FALSE
	EndGlobalSection
	GlobalSection(ExtensibilityGlobals) = postSolution
		SolutionGuid = {F5D4FAE9-DB75-4FAC-A650-39C2B2055905}
	EndGlobalSection
EndGlobal
