
Microsoft Visual Studio Solution File, Format Version 12.00
# Visual Studio Version 17
VisualStudioVersion = 17.4.33213.308
MinimumVisualStudioVersion = 10.0.40219.1
Project("{9A19103F-16F7-4668-BE54-9A1E7A4F7556}") = "NonResidentialFund.Model", "NonResidentialFundModel\NonResidentialFund.Model.csproj", "{B6C1A798-C91C-4A79-AAF8-A16DB862FA2F}"
EndProject
Project("{9A19103F-16F7-4668-BE54-9A1E7A4F7556}") = "NonResidentialFund.Tests", "NonResidentialFundTests\NonResidentialFund.Tests.csproj", "{70020678-E560-4BF2-AB8B-159016C9E984}"
EndProject
Project("{9A19103F-16F7-4668-BE54-9A1E7A4F7556}") = "NonResidentialFund.Server", "NonResidentialFund.Server\NonResidentialFund.Server.csproj", "{ED337685-6B71-4EEB-9950-3E083694B986}"
EndProject
Global
	GlobalSection(SolutionConfigurationPlatforms) = preSolution
		Debug|Any CPU = Debug|Any CPU
		Release|Any CPU = Release|Any CPU
	EndGlobalSection
	GlobalSection(ProjectConfigurationPlatforms) = postSolution
		{B6C1A798-C91C-4A79-AAF8-A16DB862FA2F}.Debug|Any CPU.ActiveCfg = Debug|Any CPU
		{B6C1A798-C91C-4A79-AAF8-A16DB862FA2F}.Debug|Any CPU.Build.0 = Debug|Any CPU
		{B6C1A798-C91C-4A79-AAF8-A16DB862FA2F}.Release|Any CPU.ActiveCfg = Release|Any CPU
		{B6C1A798-C91C-4A79-AAF8-A16DB862FA2F}.Release|Any CPU.Build.0 = Release|Any CPU
		{70020678-E560-4BF2-AB8B-159016C9E984}.Debug|Any CPU.ActiveCfg = Debug|Any CPU
		{70020678-E560-4BF2-AB8B-159016C9E984}.Debug|Any CPU.Build.0 = Debug|Any CPU
		{70020678-E560-4BF2-AB8B-159016C9E984}.Release|Any CPU.ActiveCfg = Release|Any CPU
		{70020678-E560-4BF2-AB8B-159016C9E984}.Release|Any CPU.Build.0 = Release|Any CPU
		{ED337685-6B71-4EEB-9950-3E083694B986}.Debug|Any CPU.ActiveCfg = Debug|Any CPU
		{ED337685-6B71-4EEB-9950-3E083694B986}.Debug|Any CPU.Build.0 = Debug|Any CPU
		{ED337685-6B71-4EEB-9950-3E083694B986}.Release|Any CPU.ActiveCfg = Release|Any CPU
		{ED337685-6B71-4EEB-9950-3E083694B986}.Release|Any CPU.Build.0 = Release|Any CPU
	EndGlobalSection
	GlobalSection(SolutionProperties) = preSolution
		HideSolutionNode = FALSE
	EndGlobalSection
	GlobalSection(ExtensibilityGlobals) = postSolution
		SolutionGuid = {893156C0-E7D9-46B0-B306-44E51FB98211}
	EndGlobalSection
EndGlobal
