
Microsoft Visual Studio Solution File, Format Version 12.00
# Visual Studio Version 17
VisualStudioVersion = 17.1.32328.378
MinimumVisualStudioVersion = 10.0.40219.1
Project("{FAE04EC0-301F-11D3-BF4B-00C04F79EFBC}") = "dotnet-2023.DataModel", "dotnet-2023.DataModel\dotnet-2023.DataModel.csproj", "{4FB45543-667C-4C67-9B6D-5483DC2CEE07}"
EndProject
Global
	GlobalSection(SolutionConfigurationPlatforms) = preSolution
		Debug|Any CPU = Debug|Any CPU
		Release|Any CPU = Release|Any CPU
	EndGlobalSection
	GlobalSection(ProjectConfigurationPlatforms) = postSolution
		{4FB45543-667C-4C67-9B6D-5483DC2CEE07}.Debug|Any CPU.ActiveCfg = Debug|Any CPU
		{4FB45543-667C-4C67-9B6D-5483DC2CEE07}.Debug|Any CPU.Build.0 = Debug|Any CPU
		{4FB45543-667C-4C67-9B6D-5483DC2CEE07}.Release|Any CPU.ActiveCfg = Release|Any CPU
		{4FB45543-667C-4C67-9B6D-5483DC2CEE07}.Release|Any CPU.Build.0 = Release|Any CPU
	EndGlobalSection
	GlobalSection(SolutionProperties) = preSolution
		HideSolutionNode = FALSE
	EndGlobalSection
	GlobalSection(ExtensibilityGlobals) = postSolution
		SolutionGuid = {FE3185F3-5B5E-443C-A6E4-235F2BA0E8DE}
	EndGlobalSection
EndGlobal
