
Microsoft Visual Studio Solution File, Format Version 12.00
# Visual Studio Version 17
VisualStudioVersion = 17.1.32328.378
MinimumVisualStudioVersion = 10.0.40219.1
Project("{9A19103F-16F7-4668-BE54-9A1E7A4F7556}") = "dotnet-2023.DataModel", "dotnet-2023.DataModel\dotnet-2023.DataModel.csproj", "{4FB45543-667C-4C67-9B6D-5483DC2CEE07}"
EndProject
Project("{9A19103F-16F7-4668-BE54-9A1E7A4F7556}") = "dotnet-2023.Tests", "..\dotnet-2023.Tests\dotnet-2023.Tests.csproj", "{585F77E0-2ABB-4931-8C91-7A90F6F9136F}"
EndProject
Project("{9A19103F-16F7-4668-BE54-9A1E7A4F7556}") = "dotnet-2023.TestConsoleApp", "..\dotnet-2023.TestConsoleApp\dotnet-2023.TestConsoleApp.csproj", "{5F3D2188-FE33-47B2-BDD4-EA4815C0A529}"
EndProject
Project("{9A19103F-16F7-4668-BE54-9A1E7A4F7556}") = "dotnet-2023.DataBase", "dotnet-2023.DataBase\dotnet-2023.DataBase.csproj", "{349FD51D-F39D-4738-AE17-B21A0DDC7FF5}"
EndProject
Global
	GlobalSection(SolutionConfigurationPlatforms) = preSolution
		Debug|Any CPU = Debug|Any CPU
		Release|Any CPU = Release|Any CPU
	EndGlobalSection
	GlobalSection(ProjectConfigurationPlatforms) = postSolution
		{4FB45543-667C-4C67-9B6D-5483DC2CEE07}.Debug|Any CPU.ActiveCfg = Debug|Any CPU
		{4FB45543-667C-4C67-9B6D-5483DC2CEE07}.Debug|Any CPU.Build.0 = Debug|Any CPU
		{4FB45543-667C-4C67-9B6D-5483DC2CEE07}.Release|Any CPU.ActiveCfg = Release|Any CPU
		{4FB45543-667C-4C67-9B6D-5483DC2CEE07}.Release|Any CPU.Build.0 = Release|Any CPU
		{585F77E0-2ABB-4931-8C91-7A90F6F9136F}.Debug|Any CPU.ActiveCfg = Debug|Any CPU
		{585F77E0-2ABB-4931-8C91-7A90F6F9136F}.Debug|Any CPU.Build.0 = Debug|Any CPU
		{585F77E0-2ABB-4931-8C91-7A90F6F9136F}.Release|Any CPU.ActiveCfg = Release|Any CPU
		{585F77E0-2ABB-4931-8C91-7A90F6F9136F}.Release|Any CPU.Build.0 = Release|Any CPU
		{5F3D2188-FE33-47B2-BDD4-EA4815C0A529}.Debug|Any CPU.ActiveCfg = Debug|Any CPU
		{5F3D2188-FE33-47B2-BDD4-EA4815C0A529}.Debug|Any CPU.Build.0 = Debug|Any CPU
		{5F3D2188-FE33-47B2-BDD4-EA4815C0A529}.Release|Any CPU.ActiveCfg = Release|Any CPU
		{5F3D2188-FE33-47B2-BDD4-EA4815C0A529}.Release|Any CPU.Build.0 = Release|Any CPU
		{349FD51D-F39D-4738-AE17-B21A0DDC7FF5}.Debug|Any CPU.ActiveCfg = Debug|Any CPU
		{349FD51D-F39D-4738-AE17-B21A0DDC7FF5}.Debug|Any CPU.Build.0 = Debug|Any CPU
		{349FD51D-F39D-4738-AE17-B21A0DDC7FF5}.Release|Any CPU.ActiveCfg = Release|Any CPU
		{349FD51D-F39D-4738-AE17-B21A0DDC7FF5}.Release|Any CPU.Build.0 = Release|Any CPU
	EndGlobalSection
	GlobalSection(SolutionProperties) = preSolution
		HideSolutionNode = FALSE
	EndGlobalSection
	GlobalSection(ExtensibilityGlobals) = postSolution
		SolutionGuid = {FE3185F3-5B5E-443C-A6E4-235F2BA0E8DE}
	EndGlobalSection
EndGlobal
