
Microsoft Visual Studio Solution File, Format Version 12.00
# Visual Studio Version 17
VisualStudioVersion = 17.4.33205.214
MinimumVisualStudioVersion = 10.0.40219.1
Project("{9A19103F-16F7-4668-BE54-9A1E7A4F7556}") = "Polyclinic.Domain", "Polyclinic.Domain\Polyclinic.Domain.csproj", "{285903F8-11AF-4D3C-A5C2-249F23FC200F}"
EndProject
Project("{FAE04EC0-301F-11D3-BF4B-00C04F79EFBC}") = "Polyclinic.Test", "Polyclinic.Test\Polyclinic.Test.csproj", "{622E774F-841E-4320-852D-B5D293D9B45C}"
EndProject
Global
	GlobalSection(SolutionConfigurationPlatforms) = preSolution
		Debug|Any CPU = Debug|Any CPU
		Release|Any CPU = Release|Any CPU
	EndGlobalSection
	GlobalSection(ProjectConfigurationPlatforms) = postSolution
		{285903F8-11AF-4D3C-A5C2-249F23FC200F}.Debug|Any CPU.ActiveCfg = Debug|Any CPU
		{285903F8-11AF-4D3C-A5C2-249F23FC200F}.Debug|Any CPU.Build.0 = Debug|Any CPU
		{285903F8-11AF-4D3C-A5C2-249F23FC200F}.Release|Any CPU.ActiveCfg = Release|Any CPU
		{285903F8-11AF-4D3C-A5C2-249F23FC200F}.Release|Any CPU.Build.0 = Release|Any CPU
		{622E774F-841E-4320-852D-B5D293D9B45C}.Debug|Any CPU.ActiveCfg = Debug|Any CPU
		{622E774F-841E-4320-852D-B5D293D9B45C}.Debug|Any CPU.Build.0 = Debug|Any CPU
		{622E774F-841E-4320-852D-B5D293D9B45C}.Release|Any CPU.ActiveCfg = Release|Any CPU
		{622E774F-841E-4320-852D-B5D293D9B45C}.Release|Any CPU.Build.0 = Release|Any CPU
	EndGlobalSection
	GlobalSection(SolutionProperties) = preSolution
		HideSolutionNode = FALSE
	EndGlobalSection
	GlobalSection(ExtensibilityGlobals) = postSolution
		SolutionGuid = {756BE0C3-088E-4451-9756-A397E7F58E93}
	EndGlobalSection
EndGlobal
