
Microsoft Visual Studio Solution File, Format Version 12.00
# Visual Studio Version 17
VisualStudioVersion = 17.4.33213.308
MinimumVisualStudioVersion = 10.0.40219.1
Project("{9A19103F-16F7-4668-BE54-9A1E7A4F7556}") = "ShopsTest", "Shop.Test\ShopsTest.csproj", "{4370BD16-177F-465D-8AC6-EECEBB2CF497}"
EndProject
Project("{9A19103F-16F7-4668-BE54-9A1E7A4F7556}") = "ShopsDomain", "Shop.Domain\ShopsDomain.csproj", "{32AAD18D-7A00-4C47-AFF2-41D56F58E79F}"
EndProject
Project("{9A19103F-16F7-4668-BE54-9A1E7A4F7556}") = "ShopsServer", "Shops.Server\ShopsServer.csproj", "{1B5A9270-4916-4DB7-920F-0834A1BC8403}"
EndProject
Global
	GlobalSection(SolutionConfigurationPlatforms) = preSolution
		Debug|Any CPU = Debug|Any CPU
		Release|Any CPU = Release|Any CPU
	EndGlobalSection
	GlobalSection(ProjectConfigurationPlatforms) = postSolution
		{4370BD16-177F-465D-8AC6-EECEBB2CF497}.Debug|Any CPU.ActiveCfg = Debug|Any CPU
		{4370BD16-177F-465D-8AC6-EECEBB2CF497}.Debug|Any CPU.Build.0 = Debug|Any CPU
		{4370BD16-177F-465D-8AC6-EECEBB2CF497}.Release|Any CPU.ActiveCfg = Release|Any CPU
		{4370BD16-177F-465D-8AC6-EECEBB2CF497}.Release|Any CPU.Build.0 = Release|Any CPU
		{32AAD18D-7A00-4C47-AFF2-41D56F58E79F}.Debug|Any CPU.ActiveCfg = Debug|Any CPU
		{32AAD18D-7A00-4C47-AFF2-41D56F58E79F}.Debug|Any CPU.Build.0 = Debug|Any CPU
		{32AAD18D-7A00-4C47-AFF2-41D56F58E79F}.Release|Any CPU.ActiveCfg = Release|Any CPU
		{32AAD18D-7A00-4C47-AFF2-41D56F58E79F}.Release|Any CPU.Build.0 = Release|Any CPU
		{1B5A9270-4916-4DB7-920F-0834A1BC8403}.Debug|Any CPU.ActiveCfg = Debug|Any CPU
		{1B5A9270-4916-4DB7-920F-0834A1BC8403}.Debug|Any CPU.Build.0 = Debug|Any CPU
		{1B5A9270-4916-4DB7-920F-0834A1BC8403}.Release|Any CPU.ActiveCfg = Release|Any CPU
		{1B5A9270-4916-4DB7-920F-0834A1BC8403}.Release|Any CPU.Build.0 = Release|Any CPU
	EndGlobalSection
	GlobalSection(SolutionProperties) = preSolution
		HideSolutionNode = FALSE
	EndGlobalSection
	GlobalSection(ExtensibilityGlobals) = postSolution
		SolutionGuid = {79EA632A-3909-4F52-8E09-C90ABEF5047F}
	EndGlobalSection
EndGlobal
