
Microsoft Visual Studio Solution File, Format Version 12.00
# Visual Studio Version 17
VisualStudioVersion = 17.4.33213.308
MinimumVisualStudioVersion = 10.0.40219.1
Project("{9A19103F-16F7-4668-BE54-9A1E7A4F7556}") = "Fabrics.Domain", "Fabric.Domain\Fabrics.Domain.csproj", "{CEE1246D-CA89-495D-9689-06421D859F66}"
EndProject
Project("{9A19103F-16F7-4668-BE54-9A1E7A4F7556}") = "Fabrics.Test", "Fabric.Test\Fabrics.Test.csproj", "{C36FD5BE-1173-43FF-ABAC-F66557909E85}"
EndProject
Project("{9A19103F-16F7-4668-BE54-9A1E7A4F7556}") = "Fabrics.Server", "Fabric.Server\Fabrics.Server.csproj", "{654C5796-7EEF-421A-A8C1-F0FBB4CEB5CE}"
EndProject
Project("{FAE04EC0-301F-11D3-BF4B-00C04F79EFBC}") = "Fabrics.Client", "Fabrics.Client\Fabrics.Client.csproj", "{BF11C32E-90F9-4A4A-AF36-2D0449639B49}"
EndProject
Global
	GlobalSection(SolutionConfigurationPlatforms) = preSolution
		Debug|Any CPU = Debug|Any CPU
		Release|Any CPU = Release|Any CPU
	EndGlobalSection
	GlobalSection(ProjectConfigurationPlatforms) = postSolution
		{CEE1246D-CA89-495D-9689-06421D859F66}.Debug|Any CPU.ActiveCfg = Debug|Any CPU
		{CEE1246D-CA89-495D-9689-06421D859F66}.Debug|Any CPU.Build.0 = Debug|Any CPU
		{CEE1246D-CA89-495D-9689-06421D859F66}.Release|Any CPU.ActiveCfg = Release|Any CPU
		{CEE1246D-CA89-495D-9689-06421D859F66}.Release|Any CPU.Build.0 = Release|Any CPU
		{C36FD5BE-1173-43FF-ABAC-F66557909E85}.Debug|Any CPU.ActiveCfg = Debug|Any CPU
		{C36FD5BE-1173-43FF-ABAC-F66557909E85}.Debug|Any CPU.Build.0 = Debug|Any CPU
		{C36FD5BE-1173-43FF-ABAC-F66557909E85}.Release|Any CPU.ActiveCfg = Release|Any CPU
		{C36FD5BE-1173-43FF-ABAC-F66557909E85}.Release|Any CPU.Build.0 = Release|Any CPU
		{654C5796-7EEF-421A-A8C1-F0FBB4CEB5CE}.Debug|Any CPU.ActiveCfg = Debug|Any CPU
		{654C5796-7EEF-421A-A8C1-F0FBB4CEB5CE}.Debug|Any CPU.Build.0 = Debug|Any CPU
		{654C5796-7EEF-421A-A8C1-F0FBB4CEB5CE}.Release|Any CPU.ActiveCfg = Release|Any CPU
		{654C5796-7EEF-421A-A8C1-F0FBB4CEB5CE}.Release|Any CPU.Build.0 = Release|Any CPU
		{BF11C32E-90F9-4A4A-AF36-2D0449639B49}.Debug|Any CPU.ActiveCfg = Debug|Any CPU
		{BF11C32E-90F9-4A4A-AF36-2D0449639B49}.Debug|Any CPU.Build.0 = Debug|Any CPU
		{BF11C32E-90F9-4A4A-AF36-2D0449639B49}.Release|Any CPU.ActiveCfg = Release|Any CPU
		{BF11C32E-90F9-4A4A-AF36-2D0449639B49}.Release|Any CPU.Build.0 = Release|Any CPU
	EndGlobalSection
	GlobalSection(SolutionProperties) = preSolution
		HideSolutionNode = FALSE
	EndGlobalSection
	GlobalSection(ExtensibilityGlobals) = postSolution
		SolutionGuid = {EE9A5EE4-0AD3-4649-B0DF-751F3B3736A1}
	EndGlobalSection
EndGlobal
