
Microsoft Visual Studio Solution File, Format Version 12.00
# Visual Studio Version 17
VisualStudioVersion = 17.5.33414.496
MinimumVisualStudioVersion = 10.0.40219.1
Project("{FAE04EC0-301F-11D3-BF4B-00C04F79EFBC}") = "SocialNetwork.Domain", "SocialNetwork.Domain\SocialNetwork.Domain.csproj", "{95B634D6-8916-420D-9A4A-9779280E761E}"
EndProject
Project("{FAE04EC0-301F-11D3-BF4B-00C04F79EFBC}") = "SocialNetwork.Tests", "SocialNetwork.Tests\SocialNetwork.Tests.csproj", "{8F06F01D-31E8-4466-942A-2895A00C66B4}"
EndProject
Global
	GlobalSection(SolutionConfigurationPlatforms) = preSolution
		Debug|Any CPU = Debug|Any CPU
		Release|Any CPU = Release|Any CPU
	EndGlobalSection
	GlobalSection(ProjectConfigurationPlatforms) = postSolution
		{95B634D6-8916-420D-9A4A-9779280E761E}.Debug|Any CPU.ActiveCfg = Debug|Any CPU
		{95B634D6-8916-420D-9A4A-9779280E761E}.Debug|Any CPU.Build.0 = Debug|Any CPU
		{95B634D6-8916-420D-9A4A-9779280E761E}.Release|Any CPU.ActiveCfg = Release|Any CPU
		{95B634D6-8916-420D-9A4A-9779280E761E}.Release|Any CPU.Build.0 = Release|Any CPU
		{8F06F01D-31E8-4466-942A-2895A00C66B4}.Debug|Any CPU.ActiveCfg = Debug|Any CPU
		{8F06F01D-31E8-4466-942A-2895A00C66B4}.Debug|Any CPU.Build.0 = Debug|Any CPU
		{8F06F01D-31E8-4466-942A-2895A00C66B4}.Release|Any CPU.ActiveCfg = Release|Any CPU
		{8F06F01D-31E8-4466-942A-2895A00C66B4}.Release|Any CPU.Build.0 = Release|Any CPU
	EndGlobalSection
	GlobalSection(SolutionProperties) = preSolution
		HideSolutionNode = FALSE
	EndGlobalSection
	GlobalSection(ExtensibilityGlobals) = postSolution
		SolutionGuid = {BDAF033C-E8A3-4453-9766-ADA17DB5B1B5}
	EndGlobalSection
EndGlobal
