
Microsoft Visual Studio Solution File, Format Version 12.00
# Visual Studio Version 17
VisualStudioVersion = 17.4.33213.308
MinimumVisualStudioVersion = 10.0.40219.1
Project("{9A19103F-16F7-4668-BE54-9A1E7A4F7556}") = "Media.Domain", "Media.Domain\Media.Domain.csproj", "{B3CE6C70-DA6A-416B-9754-3038F9690549}"
EndProject
Project("{9A19103F-16F7-4668-BE54-9A1E7A4F7556}") = "Media.Tests", "Media.Tests\Media.Tests.csproj", "{471F17A6-D684-4990-9C9A-5B8BBCA0D205}"
EndProject
Project("{9A19103F-16F7-4668-BE54-9A1E7A4F7556}") = "Media.Server", "Media.Server\Media.Server.csproj", "{4F6A4778-DE06-4B63-B52C-A43E5D37C79A}"
EndProject
Project("{FAE04EC0-301F-11D3-BF4B-00C04F79EFBC}") = "Media.Client", "Media.Client\Media.Client.csproj", "{BBA77330-4B80-4621-A81C-60B0F8BABDF9}"
EndProject
Global
	GlobalSection(SolutionConfigurationPlatforms) = preSolution
		Debug|Any CPU = Debug|Any CPU
		Release|Any CPU = Release|Any CPU
	EndGlobalSection
	GlobalSection(ProjectConfigurationPlatforms) = postSolution
		{B3CE6C70-DA6A-416B-9754-3038F9690549}.Debug|Any CPU.ActiveCfg = Debug|Any CPU
		{B3CE6C70-DA6A-416B-9754-3038F9690549}.Debug|Any CPU.Build.0 = Debug|Any CPU
		{B3CE6C70-DA6A-416B-9754-3038F9690549}.Release|Any CPU.ActiveCfg = Release|Any CPU
		{B3CE6C70-DA6A-416B-9754-3038F9690549}.Release|Any CPU.Build.0 = Release|Any CPU
		{471F17A6-D684-4990-9C9A-5B8BBCA0D205}.Debug|Any CPU.ActiveCfg = Debug|Any CPU
		{471F17A6-D684-4990-9C9A-5B8BBCA0D205}.Debug|Any CPU.Build.0 = Debug|Any CPU
		{471F17A6-D684-4990-9C9A-5B8BBCA0D205}.Release|Any CPU.ActiveCfg = Release|Any CPU
		{471F17A6-D684-4990-9C9A-5B8BBCA0D205}.Release|Any CPU.Build.0 = Release|Any CPU
		{4F6A4778-DE06-4B63-B52C-A43E5D37C79A}.Debug|Any CPU.ActiveCfg = Debug|Any CPU
		{4F6A4778-DE06-4B63-B52C-A43E5D37C79A}.Debug|Any CPU.Build.0 = Debug|Any CPU
		{4F6A4778-DE06-4B63-B52C-A43E5D37C79A}.Release|Any CPU.ActiveCfg = Release|Any CPU
		{4F6A4778-DE06-4B63-B52C-A43E5D37C79A}.Release|Any CPU.Build.0 = Release|Any CPU
		{BBA77330-4B80-4621-A81C-60B0F8BABDF9}.Debug|Any CPU.ActiveCfg = Debug|Any CPU
		{BBA77330-4B80-4621-A81C-60B0F8BABDF9}.Debug|Any CPU.Build.0 = Debug|Any CPU
		{BBA77330-4B80-4621-A81C-60B0F8BABDF9}.Release|Any CPU.ActiveCfg = Release|Any CPU
		{BBA77330-4B80-4621-A81C-60B0F8BABDF9}.Release|Any CPU.Build.0 = Release|Any CPU
	EndGlobalSection
	GlobalSection(SolutionProperties) = preSolution
		HideSolutionNode = FALSE
	EndGlobalSection
	GlobalSection(ExtensibilityGlobals) = postSolution
		SolutionGuid = {112C8B4F-D428-4757-9135-40A4786641D9}
	EndGlobalSection
EndGlobal
