
Microsoft Visual Studio Solution File, Format Version 12.00
# Visual Studio Version 17
VisualStudioVersion = 17.4.33213.308
MinimumVisualStudioVersion = 10.0.40219.1
Project("{9A19103F-16F7-4668-BE54-9A1E7A4F7556}") = "Media.Domain", "Media.Domain\Media.Domain.csproj", "{B3CE6C70-DA6A-416B-9754-3038F9690549}"
EndProject
Project("{9A19103F-16F7-4668-BE54-9A1E7A4F7556}") = "Media.Tests", "Artist.Tests\Media.Tests.csproj", "{8065F315-E204-4984-85CE-00D02E8B78CD}"
EndProject
Global
	GlobalSection(SolutionConfigurationPlatforms) = preSolution
		Debug|Any CPU = Debug|Any CPU
		Release|Any CPU = Release|Any CPU
	EndGlobalSection
	GlobalSection(ProjectConfigurationPlatforms) = postSolution
		{B3CE6C70-DA6A-416B-9754-3038F9690549}.Debug|Any CPU.ActiveCfg = Debug|Any CPU
		{B3CE6C70-DA6A-416B-9754-3038F9690549}.Debug|Any CPU.Build.0 = Debug|Any CPU
		{B3CE6C70-DA6A-416B-9754-3038F9690549}.Release|Any CPU.ActiveCfg = Release|Any CPU
		{B3CE6C70-DA6A-416B-9754-3038F9690549}.Release|Any CPU.Build.0 = Release|Any CPU
		{8065F315-E204-4984-85CE-00D02E8B78CD}.Debug|Any CPU.ActiveCfg = Debug|Any CPU
		{8065F315-E204-4984-85CE-00D02E8B78CD}.Debug|Any CPU.Build.0 = Debug|Any CPU
		{8065F315-E204-4984-85CE-00D02E8B78CD}.Release|Any CPU.ActiveCfg = Release|Any CPU
		{8065F315-E204-4984-85CE-00D02E8B78CD}.Release|Any CPU.Build.0 = Release|Any CPU
	EndGlobalSection
	GlobalSection(SolutionProperties) = preSolution
		HideSolutionNode = FALSE
	EndGlobalSection
	GlobalSection(ExtensibilityGlobals) = postSolution
		SolutionGuid = {112C8B4F-D428-4757-9135-40A4786641D9}
	EndGlobalSection
EndGlobal
