
Microsoft Visual Studio Solution File, Format Version 12.00
# Visual Studio Version 17
VisualStudioVersion = 17.4.33403.182
MinimumVisualStudioVersion = 10.0.40219.1
Project("{9A19103F-16F7-4668-BE54-9A1E7A4F7556}") = "MusicMarketplace", "MusicMarketplace\MusicMarketplace.csproj", "{DC10FC1C-7043-4FDB-B915-F9312A0F2332}"
EndProject
Project("{9A19103F-16F7-4668-BE54-9A1E7A4F7556}") = "MusicMarketTests", "MusicMarketTests\MusicMarketTests.csproj", "{F3E7109E-72FC-4E21-B317-0990B27E2625}"
EndProject
Project("{9A19103F-16F7-4668-BE54-9A1E7A4F7556}") = "MusicMarketServer", "MusicMarketServer\MusicMarketServer.csproj", "{2E2DA1F4-C959-46FA-A71E-87B2F7BCF4BD}"
EndProject
Project("{FAE04EC0-301F-11D3-BF4B-00C04F79EFBC}") = "MusicMarket.Client", "MusicMarket.Client\MusicMarket.Client.csproj", "{0C1FAC98-9489-4CB4-B86F-1CA6256E9DD5}"
EndProject
Global
	GlobalSection(SolutionConfigurationPlatforms) = preSolution
		Debug|Any CPU = Debug|Any CPU
		Release|Any CPU = Release|Any CPU
	EndGlobalSection
	GlobalSection(ProjectConfigurationPlatforms) = postSolution
		{DC10FC1C-7043-4FDB-B915-F9312A0F2332}.Debug|Any CPU.ActiveCfg = Debug|Any CPU
		{DC10FC1C-7043-4FDB-B915-F9312A0F2332}.Debug|Any CPU.Build.0 = Debug|Any CPU
		{DC10FC1C-7043-4FDB-B915-F9312A0F2332}.Release|Any CPU.ActiveCfg = Release|Any CPU
		{DC10FC1C-7043-4FDB-B915-F9312A0F2332}.Release|Any CPU.Build.0 = Release|Any CPU
		{F3E7109E-72FC-4E21-B317-0990B27E2625}.Debug|Any CPU.ActiveCfg = Debug|Any CPU
		{F3E7109E-72FC-4E21-B317-0990B27E2625}.Debug|Any CPU.Build.0 = Debug|Any CPU
		{F3E7109E-72FC-4E21-B317-0990B27E2625}.Release|Any CPU.ActiveCfg = Release|Any CPU
		{F3E7109E-72FC-4E21-B317-0990B27E2625}.Release|Any CPU.Build.0 = Release|Any CPU
		{2E2DA1F4-C959-46FA-A71E-87B2F7BCF4BD}.Debug|Any CPU.ActiveCfg = Debug|Any CPU
		{2E2DA1F4-C959-46FA-A71E-87B2F7BCF4BD}.Debug|Any CPU.Build.0 = Debug|Any CPU
		{2E2DA1F4-C959-46FA-A71E-87B2F7BCF4BD}.Release|Any CPU.ActiveCfg = Release|Any CPU
		{2E2DA1F4-C959-46FA-A71E-87B2F7BCF4BD}.Release|Any CPU.Build.0 = Release|Any CPU
		{0C1FAC98-9489-4CB4-B86F-1CA6256E9DD5}.Debug|Any CPU.ActiveCfg = Debug|Any CPU
		{0C1FAC98-9489-4CB4-B86F-1CA6256E9DD5}.Debug|Any CPU.Build.0 = Debug|Any CPU
		{0C1FAC98-9489-4CB4-B86F-1CA6256E9DD5}.Release|Any CPU.ActiveCfg = Release|Any CPU
		{0C1FAC98-9489-4CB4-B86F-1CA6256E9DD5}.Release|Any CPU.Build.0 = Release|Any CPU
	EndGlobalSection
	GlobalSection(SolutionProperties) = preSolution
		HideSolutionNode = FALSE
	EndGlobalSection
	GlobalSection(ExtensibilityGlobals) = postSolution
		SolutionGuid = {CCE80353-0157-45E0-AC05-9842D2792FE7}
	EndGlobalSection
EndGlobal
