
Microsoft Visual Studio Solution File, Format Version 12.00
# Visual Studio Version 17
VisualStudioVersion = 17.4.33213.308
MinimumVisualStudioVersion = 10.0.40219.1
Project("{FAE04EC0-301F-11D3-BF4B-00C04F79EFBC}") = "Shop_class", "Shop_class\Shop_class.csproj", "{9BDC8D56-6B13-48DA-BC43-7AD5E69E4519}"
EndProject
Project("{FAE04EC0-301F-11D3-BF4B-00C04F79EFBC}") = "xUnitTest", "xUnitTest\xUnitTest.csproj", "{1033E309-7262-4B69-B1C6-81C4AE9AD998}"
EndProject
Global
	GlobalSection(SolutionConfigurationPlatforms) = preSolution
		Debug|Any CPU = Debug|Any CPU
		Release|Any CPU = Release|Any CPU
	EndGlobalSection
	GlobalSection(ProjectConfigurationPlatforms) = postSolution
		{9BDC8D56-6B13-48DA-BC43-7AD5E69E4519}.Debug|Any CPU.ActiveCfg = Debug|Any CPU
		{9BDC8D56-6B13-48DA-BC43-7AD5E69E4519}.Debug|Any CPU.Build.0 = Debug|Any CPU
		{9BDC8D56-6B13-48DA-BC43-7AD5E69E4519}.Release|Any CPU.ActiveCfg = Release|Any CPU
		{9BDC8D56-6B13-48DA-BC43-7AD5E69E4519}.Release|Any CPU.Build.0 = Release|Any CPU
		{1033E309-7262-4B69-B1C6-81C4AE9AD998}.Debug|Any CPU.ActiveCfg = Debug|Any CPU
		{1033E309-7262-4B69-B1C6-81C4AE9AD998}.Debug|Any CPU.Build.0 = Debug|Any CPU
		{1033E309-7262-4B69-B1C6-81C4AE9AD998}.Release|Any CPU.ActiveCfg = Release|Any CPU
		{1033E309-7262-4B69-B1C6-81C4AE9AD998}.Release|Any CPU.Build.0 = Release|Any CPU
	EndGlobalSection
	GlobalSection(SolutionProperties) = preSolution
		HideSolutionNode = FALSE
	EndGlobalSection
	GlobalSection(ExtensibilityGlobals) = postSolution
		SolutionGuid = {9F8E6C3E-7E70-4736-BBC8-FCE5306F848B}
	EndGlobalSection
EndGlobal
