
Microsoft Visual Studio Solution File, Format Version 12.00
# Visual Studio Version 17
VisualStudioVersion = 17.4.33213.308
MinimumVisualStudioVersion = 10.0.40219.1
Project("{FAE04EC0-301F-11D3-BF4B-00C04F79EFBC}") = "Non-residentialFundDomain", "Non-residentialFundDomain\Non-residentialFundDomain.csproj", "{7259E972-ADC5-4D99-9938-EFA0CF504457}"
EndProject
Project("{FAE04EC0-301F-11D3-BF4B-00C04F79EFBC}") = "Non-ResidentialFundTests", "Non-ResidentialFundTests\Non-ResidentialFundTests.csproj", "{BBC8B096-61B9-4A9A-92E7-F4AADCA18739}"
EndProject
Global
	GlobalSection(SolutionConfigurationPlatforms) = preSolution
		Debug|Any CPU = Debug|Any CPU
		Release|Any CPU = Release|Any CPU
	EndGlobalSection
	GlobalSection(ProjectConfigurationPlatforms) = postSolution
		{7259E972-ADC5-4D99-9938-EFA0CF504457}.Debug|Any CPU.ActiveCfg = Debug|Any CPU
		{7259E972-ADC5-4D99-9938-EFA0CF504457}.Debug|Any CPU.Build.0 = Debug|Any CPU
		{7259E972-ADC5-4D99-9938-EFA0CF504457}.Release|Any CPU.ActiveCfg = Release|Any CPU
		{7259E972-ADC5-4D99-9938-EFA0CF504457}.Release|Any CPU.Build.0 = Release|Any CPU
		{BBC8B096-61B9-4A9A-92E7-F4AADCA18739}.Debug|Any CPU.ActiveCfg = Debug|Any CPU
		{BBC8B096-61B9-4A9A-92E7-F4AADCA18739}.Debug|Any CPU.Build.0 = Debug|Any CPU
		{BBC8B096-61B9-4A9A-92E7-F4AADCA18739}.Release|Any CPU.ActiveCfg = Release|Any CPU
		{BBC8B096-61B9-4A9A-92E7-F4AADCA18739}.Release|Any CPU.Build.0 = Release|Any CPU
	EndGlobalSection
	GlobalSection(SolutionProperties) = preSolution
		HideSolutionNode = FALSE
	EndGlobalSection
	GlobalSection(ExtensibilityGlobals) = postSolution
		SolutionGuid = {893156C0-E7D9-46B0-B306-44E51FB98211}
	EndGlobalSection
EndGlobal
