
Microsoft Visual Studio Solution File, Format Version 12.00
# Visual Studio Version 17
VisualStudioVersion = 17.5.33502.453
MinimumVisualStudioVersion = 10.0.40219.1
Project("{FAE04EC0-301F-11D3-BF4B-00C04F79EFBC}") = "BicycleRentals", "BicycleRentals.csproj", "{B43F71F1-62DB-4C5C-8D5A-EC68650257B5}"
EndProject
Project("{FAE04EC0-301F-11D3-BF4B-00C04F79EFBC}") = "BicycleTests", "..\BicycleTests\BicycleTests.csproj", "{C3139664-9EA5-4E50-8D3C-2482C9806618}"
EndProject
Global
	GlobalSection(SolutionConfigurationPlatforms) = preSolution
		Debug|Any CPU = Debug|Any CPU
		Release|Any CPU = Release|Any CPU
	EndGlobalSection
	GlobalSection(ProjectConfigurationPlatforms) = postSolution
		{B43F71F1-62DB-4C5C-8D5A-EC68650257B5}.Debug|Any CPU.ActiveCfg = Debug|Any CPU
		{B43F71F1-62DB-4C5C-8D5A-EC68650257B5}.Debug|Any CPU.Build.0 = Debug|Any CPU
		{B43F71F1-62DB-4C5C-8D5A-EC68650257B5}.Release|Any CPU.ActiveCfg = Release|Any CPU
		{B43F71F1-62DB-4C5C-8D5A-EC68650257B5}.Release|Any CPU.Build.0 = Release|Any CPU
		{C3139664-9EA5-4E50-8D3C-2482C9806618}.Debug|Any CPU.ActiveCfg = Debug|Any CPU
		{C3139664-9EA5-4E50-8D3C-2482C9806618}.Debug|Any CPU.Build.0 = Debug|Any CPU
		{C3139664-9EA5-4E50-8D3C-2482C9806618}.Release|Any CPU.ActiveCfg = Release|Any CPU
		{C3139664-9EA5-4E50-8D3C-2482C9806618}.Release|Any CPU.Build.0 = Release|Any CPU
	EndGlobalSection
	GlobalSection(SolutionProperties) = preSolution
		HideSolutionNode = FALSE
	EndGlobalSection
	GlobalSection(ExtensibilityGlobals) = postSolution
		SolutionGuid = {19FA12D5-9454-4A30-82CF-C658EC67EE26}
	EndGlobalSection
EndGlobal
