
Microsoft Visual Studio Solution File, Format Version 12.00
# Visual Studio Version 17
VisualStudioVersion = 17.5.33424.131
MinimumVisualStudioVersion = 10.0.40219.1
Project("{9A19103F-16F7-4668-BE54-9A1E7A4F7556}") = "Factory.Model", "Factory.Model\Factory.Model.csproj", "{009384AB-A818-474B-869B-DAA4F269BCED}"
EndProject
Project("{9A19103F-16F7-4668-BE54-9A1E7A4F7556}") = "Factory.Test", "Factory.Test\Factory.Test.csproj", "{CEEAB04C-B231-40F1-9D7E-D3798DFEC2D8}"
EndProject
Project("{9A19103F-16F7-4668-BE54-9A1E7A4F7556}") = "Factory.Server", "Factory.Server\Factory.Server.csproj", "{5DEB45F6-7A5E-4944-BEF3-28170220525C}"
EndProject
Project("{FAE04EC0-301F-11D3-BF4B-00C04F79EFBC}") = "Factory.Client", "Factory.Client\Factory.Client.csproj", "{F4573DB5-03A6-4390-A604-E335CC24EECF}"
EndProject
Global
	GlobalSection(SolutionConfigurationPlatforms) = preSolution
		Debug|Any CPU = Debug|Any CPU
		Release|Any CPU = Release|Any CPU
	EndGlobalSection
	GlobalSection(ProjectConfigurationPlatforms) = postSolution
		{009384AB-A818-474B-869B-DAA4F269BCED}.Debug|Any CPU.ActiveCfg = Debug|Any CPU
		{009384AB-A818-474B-869B-DAA4F269BCED}.Debug|Any CPU.Build.0 = Debug|Any CPU
		{009384AB-A818-474B-869B-DAA4F269BCED}.Release|Any CPU.ActiveCfg = Release|Any CPU
		{009384AB-A818-474B-869B-DAA4F269BCED}.Release|Any CPU.Build.0 = Release|Any CPU
		{CEEAB04C-B231-40F1-9D7E-D3798DFEC2D8}.Debug|Any CPU.ActiveCfg = Debug|Any CPU
		{CEEAB04C-B231-40F1-9D7E-D3798DFEC2D8}.Debug|Any CPU.Build.0 = Debug|Any CPU
		{CEEAB04C-B231-40F1-9D7E-D3798DFEC2D8}.Release|Any CPU.ActiveCfg = Release|Any CPU
		{CEEAB04C-B231-40F1-9D7E-D3798DFEC2D8}.Release|Any CPU.Build.0 = Release|Any CPU
		{5DEB45F6-7A5E-4944-BEF3-28170220525C}.Debug|Any CPU.ActiveCfg = Debug|Any CPU
		{5DEB45F6-7A5E-4944-BEF3-28170220525C}.Debug|Any CPU.Build.0 = Debug|Any CPU
		{5DEB45F6-7A5E-4944-BEF3-28170220525C}.Release|Any CPU.ActiveCfg = Release|Any CPU
		{5DEB45F6-7A5E-4944-BEF3-28170220525C}.Release|Any CPU.Build.0 = Release|Any CPU
		{F4573DB5-03A6-4390-A604-E335CC24EECF}.Debug|Any CPU.ActiveCfg = Debug|Any CPU
		{F4573DB5-03A6-4390-A604-E335CC24EECF}.Debug|Any CPU.Build.0 = Debug|Any CPU
		{F4573DB5-03A6-4390-A604-E335CC24EECF}.Release|Any CPU.ActiveCfg = Release|Any CPU
		{F4573DB5-03A6-4390-A604-E335CC24EECF}.Release|Any CPU.Build.0 = Release|Any CPU
	EndGlobalSection
	GlobalSection(SolutionProperties) = preSolution
		HideSolutionNode = FALSE
	EndGlobalSection
	GlobalSection(ExtensibilityGlobals) = postSolution
		SolutionGuid = {56B4973D-870E-4685-BD28-979DBA77B2FA}
	EndGlobalSection
EndGlobal
