
Microsoft Visual Studio Solution File, Format Version 12.00
# Visual Studio Version 17
VisualStudioVersion = 17.4.33205.214
MinimumVisualStudioVersion = 10.0.40219.1
Project("{9A19103F-16F7-4668-BE54-9A1E7A4F7556}") = "Department.Domain", "Department.Domain\Department.Domain.csproj", "{01F5ACB6-E8A3-4DB4-A7C9-29474C35BCA4}"
EndProject
Project("{9A19103F-16F7-4668-BE54-9A1E7A4F7556}") = "Department.Tests", "Department.Tests\Department.Tests.csproj", "{E00D76D5-9404-4000-9860-FA1BE17780DF}"
EndProject
Project("{9A19103F-16F7-4668-BE54-9A1E7A4F7556}") = "Department.Server", "Department.Server\Department.Server.csproj", "{A6FA48B8-E0E4-47CF-8136-02E6BAD64A75}"
EndProject
Project("{FAE04EC0-301F-11D3-BF4B-00C04F79EFBC}") = "Department.Client", "Department.Client\Department.Client.csproj", "{3B52AFF7-FF60-42A5-B103-001F9FF234A5}"
EndProject
Global
	GlobalSection(SolutionConfigurationPlatforms) = preSolution
		Debug|Any CPU = Debug|Any CPU
		Release|Any CPU = Release|Any CPU
	EndGlobalSection
	GlobalSection(ProjectConfigurationPlatforms) = postSolution
		{01F5ACB6-E8A3-4DB4-A7C9-29474C35BCA4}.Debug|Any CPU.ActiveCfg = Debug|Any CPU
		{01F5ACB6-E8A3-4DB4-A7C9-29474C35BCA4}.Debug|Any CPU.Build.0 = Debug|Any CPU
		{01F5ACB6-E8A3-4DB4-A7C9-29474C35BCA4}.Release|Any CPU.ActiveCfg = Release|Any CPU
		{01F5ACB6-E8A3-4DB4-A7C9-29474C35BCA4}.Release|Any CPU.Build.0 = Release|Any CPU
		{E00D76D5-9404-4000-9860-FA1BE17780DF}.Debug|Any CPU.ActiveCfg = Debug|Any CPU
		{E00D76D5-9404-4000-9860-FA1BE17780DF}.Debug|Any CPU.Build.0 = Debug|Any CPU
		{E00D76D5-9404-4000-9860-FA1BE17780DF}.Release|Any CPU.ActiveCfg = Release|Any CPU
		{E00D76D5-9404-4000-9860-FA1BE17780DF}.Release|Any CPU.Build.0 = Release|Any CPU
		{A6FA48B8-E0E4-47CF-8136-02E6BAD64A75}.Debug|Any CPU.ActiveCfg = Debug|Any CPU
		{A6FA48B8-E0E4-47CF-8136-02E6BAD64A75}.Debug|Any CPU.Build.0 = Debug|Any CPU
		{A6FA48B8-E0E4-47CF-8136-02E6BAD64A75}.Release|Any CPU.ActiveCfg = Release|Any CPU
		{A6FA48B8-E0E4-47CF-8136-02E6BAD64A75}.Release|Any CPU.Build.0 = Release|Any CPU
		{3B52AFF7-FF60-42A5-B103-001F9FF234A5}.Debug|Any CPU.ActiveCfg = Debug|Any CPU
		{3B52AFF7-FF60-42A5-B103-001F9FF234A5}.Debug|Any CPU.Build.0 = Debug|Any CPU
		{3B52AFF7-FF60-42A5-B103-001F9FF234A5}.Release|Any CPU.ActiveCfg = Release|Any CPU
		{3B52AFF7-FF60-42A5-B103-001F9FF234A5}.Release|Any CPU.Build.0 = Release|Any CPU
	EndGlobalSection
	GlobalSection(SolutionProperties) = preSolution
		HideSolutionNode = FALSE
	EndGlobalSection
	GlobalSection(ExtensibilityGlobals) = postSolution
		SolutionGuid = {ECAD7C36-EF3F-4FA9-BF50-52FC94655A56}
	EndGlobalSection
EndGlobal
