
Microsoft Visual Studio Solution File, Format Version 12.00
# Visual Studio Version 17
VisualStudioVersion = 17.4.33122.133
MinimumVisualStudioVersion = 10.0.40219.1
Project("{9A19103F-16F7-4668-BE54-9A1E7A4F7556}") = "HotelBookingSystem.Classes", "HotelBookingSystem.Classes\HotelBookingSystem.Classes.csproj", "{FD267590-23A7-482C-898F-09534A975447}"
EndProject
Project("{9A19103F-16F7-4668-BE54-9A1E7A4F7556}") = "HotelBookingSystem.Tests", "HotelBookingSystem.Tests\HotelBookingSystem.Tests.csproj", "{B754AFC2-95F6-4FD5-9D30-C5A798815472}"
EndProject
Project("{FAE04EC0-301F-11D3-BF4B-00C04F79EFBC}") = "HotelBookingSystem.Server", "HotelBookingSystem.Server\HotelBookingSystem.Server.csproj", "{05932732-A788-43FB-8878-6036088AAB29}"
EndProject
Global
	GlobalSection(SolutionConfigurationPlatforms) = preSolution
		Debug|Any CPU = Debug|Any CPU
		Release|Any CPU = Release|Any CPU
	EndGlobalSection
	GlobalSection(ProjectConfigurationPlatforms) = postSolution
		{FD267590-23A7-482C-898F-09534A975447}.Debug|Any CPU.ActiveCfg = Debug|Any CPU
		{FD267590-23A7-482C-898F-09534A975447}.Debug|Any CPU.Build.0 = Debug|Any CPU
		{FD267590-23A7-482C-898F-09534A975447}.Release|Any CPU.ActiveCfg = Release|Any CPU
		{FD267590-23A7-482C-898F-09534A975447}.Release|Any CPU.Build.0 = Release|Any CPU
		{B754AFC2-95F6-4FD5-9D30-C5A798815472}.Debug|Any CPU.ActiveCfg = Debug|Any CPU
		{B754AFC2-95F6-4FD5-9D30-C5A798815472}.Debug|Any CPU.Build.0 = Debug|Any CPU
		{B754AFC2-95F6-4FD5-9D30-C5A798815472}.Release|Any CPU.ActiveCfg = Release|Any CPU
		{B754AFC2-95F6-4FD5-9D30-C5A798815472}.Release|Any CPU.Build.0 = Release|Any CPU
		{05932732-A788-43FB-8878-6036088AAB29}.Debug|Any CPU.ActiveCfg = Debug|Any CPU
		{05932732-A788-43FB-8878-6036088AAB29}.Debug|Any CPU.Build.0 = Debug|Any CPU
		{05932732-A788-43FB-8878-6036088AAB29}.Release|Any CPU.ActiveCfg = Release|Any CPU
		{05932732-A788-43FB-8878-6036088AAB29}.Release|Any CPU.Build.0 = Release|Any CPU
	EndGlobalSection
	GlobalSection(SolutionProperties) = preSolution
		HideSolutionNode = FALSE
	EndGlobalSection
	GlobalSection(ExtensibilityGlobals) = postSolution
		SolutionGuid = {BA749CE1-6791-4FCB-9427-C4B53A99048F}
	EndGlobalSection
EndGlobal
